// !$*UTF8*$!
{
	archiveVersion = 1;
	classes = {
	};
	objectVersion = 46;
	objects = {

/* Begin PBXBuildFile section */
		A2E555201EFD29110001357E /* AppDelegate.swift in Sources */ = {isa = PBXBuildFile; fileRef = A2E5551F1EFD29110001357E /* AppDelegate.swift */; };
		A2E555221EFD29110001357E /* ViewController.swift in Sources */ = {isa = PBXBuildFile; fileRef = A2E555211EFD29110001357E /* ViewController.swift */; };
		A2E555251EFD29110001357E /* Main.storyboard in Resources */ = {isa = PBXBuildFile; fileRef = A2E555231EFD29110001357E /* Main.storyboard */; };
		A2E555271EFD29110001357E /* Assets.xcassets in Resources */ = {isa = PBXBuildFile; fileRef = A2E555261EFD29110001357E /* Assets.xcassets */; };
		A2E5552A1EFD29110001357E /* LaunchScreen.storyboard in Resources */ = {isa = PBXBuildFile; fileRef = A2E555281EFD29110001357E /* LaunchScreen.storyboard */; };
/* End PBXBuildFile section */

/* Begin PBXFileReference section */
		A2E5551C1EFD29110001357E /* swifter.app */ = {isa = PBXFileReference; explicitFileType = wrapper.application; includeInIndex = 0; path = swifter.app; sourceTree = BUILT_PRODUCTS_DIR; };
		A2E5551F1EFD29110001357E /* AppDelegate.swift */ = {isa = PBXFileReference; lastKnownFileType = sourcecode.swift; path = AppDelegate.swift; sourceTree = "<group>"; };
		A2E555211EFD29110001357E /* ViewController.swift */ = {isa = PBXFileReference; lastKnownFileType = sourcecode.swift; path = ViewController.swift; sourceTree = "<group>"; };
		A2E555241EFD29110001357E /* Base */ = {isa = PBXFileReference; lastKnownFileType = file.storyboard; name = Base; path = Base.lproj/Main.storyboard; sourceTree = "<group>"; };
		A2E555261EFD29110001357E /* Assets.xcassets */ = {isa = PBXFileReference; lastKnownFileType = folder.assetcatalog; path = Assets.xcassets; sourceTree = "<group>"; };
		A2E555291EFD29110001357E /* Base */ = {isa = PBXFileReference; lastKnownFileType = file.storyboard; name = Base; path = Base.lproj/LaunchScreen.storyboard; sourceTree = "<group>"; };
		A2E5552B1EFD29110001357E /* Info.plist */ = {isa = PBXFileReference; lastKnownFileType = text.plist.xml; path = Info.plist; sourceTree = "<group>"; };
		A2E555321EFD2A340001357E /* 01_SimpleValues.playground */ = {isa = PBXFileReference; lastKnownFileType = file.playground; path = 01_SimpleValues.playground; sourceTree = "<group>"; };
/* End PBXFileReference section */

/* Begin PBXFrameworksBuildPhase section */
		A2E555191EFD29110001357E /* Frameworks */ = {
			isa = PBXFrameworksBuildPhase;
			buildActionMask = 2147483647;
			files = (
			);
			runOnlyForDeploymentPostprocessing = 0;
		};
/* End PBXFrameworksBuildPhase section */

/* Begin PBXGroup section */
		A2E555131EFD29110001357E = {
			isa = PBXGroup;
			children = (
				A2E555311EFD2A340001357E /* section-1 */,
				A2E5551E1EFD29110001357E /* swifter */,
				A2E5551D1EFD29110001357E /* Products */,
			);
			sourceTree = "<group>";
		};
		A2E5551D1EFD29110001357E /* Products */ = {
			isa = PBXGroup;
			children = (
				A2E5551C1EFD29110001357E /* swifter.app */,
			);
			name = Products;
			sourceTree = "<group>";
		};
		A2E5551E1EFD29110001357E /* swifter */ = {
			isa = PBXGroup;
			children = (
				A2E5551F1EFD29110001357E /* AppDelegate.swift */,
				A2E555211EFD29110001357E /* ViewController.swift */,
				A2E555231EFD29110001357E /* Main.storyboard */,
				A2E555261EFD29110001357E /* Assets.xcassets */,
				A2E555281EFD29110001357E /* LaunchScreen.storyboard */,
				A2E5552B1EFD29110001357E /* Info.plist */,
			);
			path = swifter;
			sourceTree = "<group>";
		};
		A2E555311EFD2A340001357E /* section-1 */ = {
			isa = PBXGroup;
			children = (
				A2E555321EFD2A340001357E /* 01_SimpleValues.playground */,
			);
			name = "section-1";
			path = "../section-1";
			sourceTree = "<group>";
		};
/* End PBXGroup section */

/* Begin PBXNativeTarget section */
		A2E5551B1EFD29110001357E /* swifter */ = {
			isa = PBXNativeTarget;
			buildConfigurationList = A2E5552E1EFD29110001357E /* Build configuration list for PBXNativeTarget "swifter" */;
			buildPhases = (
				A2E555181EFD29110001357E /* Sources */,
				A2E555191EFD29110001357E /* Frameworks */,
				A2E5551A1EFD29110001357E /* Resources */,
			);
			buildRules = (
			);
			dependencies = (
			);
			name = swifter;
			productName = swifter;
			productReference = A2E5551C1EFD29110001357E /* swifter.app */;
			productType = "com.apple.product-type.application";
		};
/* End PBXNativeTarget section */

/* Begin PBXProject section */
		A2E555141EFD29110001357E /* Project object */ = {
			isa = PBXProject;
			attributes = {
				LastSwiftUpdateCheck = 0830;
				LastUpgradeCheck = 0830;
				ORGANIZATIONNAME = "Alpha Lin";
				TargetAttributes = {
					A2E5551B1EFD29110001357E = {
						CreatedOnToolsVersion = 8.3.3;
						DevelopmentTeam = 46D8BZPJVB;
						ProvisioningStyle = Automatic;
					};
				};
			};
			buildConfigurationList = A2E555171EFD29110001357E /* Build configuration list for PBXProject "swifter" */;
			compatibilityVersion = "Xcode 3.2";
			developmentRegion = English;
			hasScannedForEncodings = 0;
			knownRegions = (
				en,
				Base,
			);
			mainGroup = A2E555131EFD29110001357E;
			productRefGroup = A2E5551D1EFD29110001357E /* Products */;
			projectDirPath = "";
			projectRoot = "";
			targets = (
				A2E5551B1EFD29110001357E /* swifter */,
			);
		};
/* End PBXProject section */

/* Begin PBXResourcesBuildPhase section */
		A2E5551A1EFD29110001357E /* Resources */ = {
			isa = PBXResourcesBuildPhase;
			buildActionMask = 2147483647;
			files = (
				A2E5552A1EFD29110001357E /* LaunchScreen.storyboard in Resources */,
				A2E555271EFD29110001357E /* Assets.xcassets in Resources */,
				A2E555251EFD29110001357E /* Main.storyboard in Resources */,
			);
			runOnlyForDeploymentPostprocessing = 0;
		};
/* End PBXResourcesBuildPhase section */

/* Begin PBXSourcesBuildPhase section */
		A2E555181EFD29110001357E /* Sources */ = {
			isa = PBXSourcesBuildPhase;
			buildActionMask = 2147483647;
			files = (
				A2E555221EFD29110001357E /* ViewController.swift in Sources */,
				A2E555201EFD29110001357E /* AppDelegate.swift in Sources */,
			);
			runOnlyForDeploymentPostprocessing = 0;
		};
/* End PBXSourcesBuildPhase section */

/* Begin PBXVariantGroup section */
		A2E555231EFD29110001357E /* Main.storyboard */ = {
			isa = PBXVariantGroup;
			children = (
				A2E555241EFD29110001357E /* Base */,
			);
			name = Main.storyboard;
			sourceTree = "<group>";
		};
		A2E555281EFD29110001357E /* LaunchScreen.storyboard */ = {
			isa = PBXVariantGroup;
			children = (
				A2E555291EFD29110001357E /* Base */,
			);
			name = LaunchScreen.storyboard;
			sourceTree = "<group>";
		};
/* End PBXVariantGroup section */

/* Begin XCBuildConfiguration section */
		A2E5552C1EFD29110001357E /* Debug */ = {
			isa = XCBuildConfiguration;
			buildSettings = {
				ALWAYS_SEARCH_USER_PATHS = NO;
				CLANG_ANALYZER_NONNULL = YES;
				CLANG_ANALYZER_NUMBER_OBJECT_CONVERSION = YES_AGGRESSIVE;
				CLANG_CXX_LANGUAGE_STANDARD = "gnu++0x";
				CLANG_CXX_LIBRARY = "libc++";
				CLANG_ENABLE_MODULES = YES;
				CLANG_ENABLE_OBJC_ARC = YES;
				CLANG_WARN_BOOL_CONVERSION = YES;
				CLANG_WARN_CONSTANT_CONVERSION = YES;
				CLANG_WARN_DIRECT_OBJC_ISA_USAGE = YES_ERROR;
				CLANG_WARN_DOCUMENTATION_COMMENTS = YES;
				CLANG_WARN_EMPTY_BODY = YES;
				CLANG_WARN_ENUM_CONVERSION = YES;
				CLANG_WARN_INFINITE_RECURSION = YES;
				CLANG_WARN_INT_CONVERSION = YES;
				CLANG_WARN_OBJC_ROOT_CLASS = YES_ERROR;
				CLANG_WARN_SUSPICIOUS_MOVE = YES;
				CLANG_WARN_UNREACHABLE_CODE = YES;
				CLANG_WARN__DUPLICATE_METHOD_MATCH = YES;
				"CODE_SIGN_IDENTITY[sdk=iphoneos*]" = "iPhone Developer";
				COPY_PHASE_STRIP = NO;
				DEBUG_INFORMATION_FORMAT = dwarf;
				ENABLE_STRICT_OBJC_MSGSEND = YES;
				ENABLE_TESTABILITY = YES;
				GCC_C_LANGUAGE_STANDARD = gnu99;
				GCC_DYNAMIC_NO_PIC = NO;
				GCC_NO_COMMON_BLOCKS = YES;
				GCC_OPTIMIZATION_LEVEL = 0;
				GCC_PREPROCESSOR_DEFINITIONS = (
					"DEBUG=1",
					"$(inherited)",
				);
				GCC_WARN_64_TO_32_BIT_CONVERSION = YES;
				GCC_WARN_ABOUT_RETURN_TYPE = YES_ERROR;
				GCC_WARN_UNDECLARED_SELECTOR = YES;
				GCC_WARN_UNINITIALIZED_AUTOS = YES_AGGRESSIVE;
				GCC_WARN_UNUSED_FUNCTION = YES;
				GCC_WARN_UNUSED_VARIABLE = YES;
				IPHONEOS_DEPLOYMENT_TARGET = 10.3;
				MTL_ENABLE_DEBUG_INFO = YES;
				ONLY_ACTIVE_ARCH = YES;
				SDKROOT = iphoneos;
				SWIFT_ACTIVE_COMPILATION_CONDITIONS = DEBUG;
				SWIFT_OPTIMIZATION_LEVEL = "-Onone";
			};
			name = Debug;
		};
		A2E5552D1EFD29110001357E /* Release */ = {
			isa = XCBuildConfiguration;
			buildSettings = {
				ALWAYS_SEARCH_USER_PATHS = NO;
				CLANG_ANALYZER_NONNULL = YES;
				CLANG_ANALYZER_NUMBER_OBJECT_CONVERSION = YES_AGGRESSIVE;
				CLANG_CXX_LANGUAGE_STANDARD = "gnu++0x";
				CLANG_CXX_LIBRARY = "libc++";
				CLANG_ENABLE_MODULES = YES;
				CLANG_ENABLE_OBJC_ARC = YES;
				CLANG_WARN_BOOL_CONVERSION = YES;
				CLANG_WARN_CONSTANT_CONVERSION = YES;
				CLANG_WARN_DIRECT_OBJC_ISA_USAGE = YES_ERROR;
				CLANG_WARN_DOCUMENTATION_COMMENTS = YES;
				CLANG_WARN_EMPTY_BODY = YES;
				CLANG_WARN_ENUM_CONVERSION = YES;
				CLANG_WARN_INFINITE_RECURSION = YES;
				CLANG_WARN_INT_CONVERSION = YES;
				CLANG_WARN_OBJC_ROOT_CLASS = YES_ERROR;
				CLANG_WARN_SUSPICIOUS_MOVE = YES;
				CLANG_WARN_UNREACHABLE_CODE = YES;
				CLANG_WARN__DUPLICATE_METHOD_MATCH = YES;
				"CODE_SIGN_IDENTITY[sdk=iphoneos*]" = "iPhone Developer";
				COPY_PHASE_STRIP = NO;
				DEBUG_INFORMATION_FORMAT = "dwarf-with-dsym";
				ENABLE_NS_ASSERTIONS = NO;
				ENABLE_STRICT_OBJC_MSGSEND = YES;
				GCC_C_LANGUAGE_STANDARD = gnu99;
				GCC_NO_COMMON_BLOCKS = YES;
				GCC_WARN_64_TO_32_BIT_CONVERSION = YES;
				GCC_WARN_ABOUT_RETURN_TYPE = YES_ERROR;
				GCC_WARN_UNDECLARED_SELECTOR = YES;
				GCC_WARN_UNINITIALIZED_AUTOS = YES_AGGRESSIVE;
				GCC_WARN_UNUSED_FUNCTION = YES;
				GCC_WARN_UNUSED_VARIABLE = YES;
				IPHONEOS_DEPLOYMENT_TARGET = 10.3;
				MTL_ENABLE_DEBUG_INFO = NO;
				SDKROOT = iphoneos;
				SWIFT_OPTIMIZATION_LEVEL = "-Owholemodule";
				VALIDATE_PRODUCT = YES;
			};
			name = Release;
		};
		A2E5552F1EFD29110001357E /* Debug */ = {
			isa = XCBuildConfiguration;
			buildSettings = {
				ASSETCATALOG_COMPILER_APPICON_NAME = AppIcon;
				DEVELOPMENT_TEAM = 46D8BZPJVB;
				INFOPLIST_FILE = swifter/Info.plist;
				LD_RUNPATH_SEARCH_PATHS = "$(inherited) @executable_path/Frameworks";
				PRODUCT_BUNDLE_IDENTIFIER = tw.com.alpha.swifter;
				PRODUCT_NAME = "$(TARGET_NAME)";
				SWIFT_VERSION = 3.0;
			};
			name = Debug;
		};
		A2E555301EFD29110001357E /* Release */ = {
			isa = XCBuildConfiguration;
			buildSettings = {
				ASSETCATALOG_COMPILER_APPICON_NAME = AppIcon;
				DEVELOPMENT_TEAM = 46D8BZPJVB;
				INFOPLIST_FILE = swifter/Info.plist;
				LD_RUNPATH_SEARCH_PATHS = "$(inherited) @executable_path/Frameworks";
				PRODUCT_BUNDLE_IDENTIFIER = tw.com.alpha.swifter;
				PRODUCT_NAME = "$(TARGET_NAME)";
				SWIFT_VERSION = 3.0;
			};
			name = Release;
		};
/* End XCBuildConfiguration section */

/* Begin XCConfigurationList section */
		A2E555171EFD29110001357E /* Build configuration list for PBXProject "swifter" */ = {
			isa = XCConfigurationList;
			buildConfigurations = (
				A2E5552C1EFD29110001357E /* Debug */,
				A2E5552D1EFD29110001357E /* Release */,
			);
			defaultConfigurationIsVisible = 0;
			defaultConfigurationName = Release;
		};
		A2E5552E1EFD29110001357E /* Build configuration list for PBXNativeTarget "swifter" */ = {
			isa = XCConfigurationList;
			buildConfigurations = (
				A2E5552F1EFD29110001357E /* Debug */,
				A2E555301EFD29110001357E /* Release */,
			);
			defaultConfigurationIsVisible = 0;
			defaultConfigurationName = Release;
		};
/* End XCConfigurationList section */
	};
	rootObject = A2E555141EFD29110001357E /* Project object */;
}
